Microsoft Visual Studio Solution File, Format Version 12.00
# Visual Studio 2012
Project("{FAE04EC0-301F-11D3-BF4B-00C04F79EFBC}") = "Pong-Game", "Pong-Game.csproj", "{122472B6-AADE-4C51-A12E-D4B70AC6DFB8}"
EndProject
Global
	GlobalSection(SolutionConfigurationPlatforms) = preSolution
	Debug|Any CPU = Debug|Any CPU
	ExportDebug|Any CPU = ExportDebug|Any CPU
	ExportRelease|Any CPU = ExportRelease|Any CPU
	EndGlobalSection
	GlobalSection(ProjectConfigurationPlatforms) = postSolution
		{122472B6-AADE-4C51-A12E-D4B70AC6DFB8}.Debug|Any CPU.ActiveCfg = Debug|Any CPU
		{122472B6-AADE-4C51-A12E-D4B70AC6DFB8}.Debug|Any CPU.Build.0 = Debug|Any CPU
		{122472B6-AADE-4C51-A12E-D4B70AC6DFB8}.ExportDebug|Any CPU.ActiveCfg = ExportDebug|Any CPU
		{122472B6-AADE-4C51-A12E-D4B70AC6DFB8}.ExportDebug|Any CPU.Build.0 = ExportDebug|Any CPU
		{122472B6-AADE-4C51-A12E-D4B70AC6DFB8}.ExportRelease|Any CPU.ActiveCfg = ExportRelease|Any CPU
		{122472B6-AADE-4C51-A12E-D4B70AC6DFB8}.ExportRelease|Any CPU.Build.0 = ExportRelease|Any CPU
	EndGlobalSection
EndGlobal
